
Microsoft Visual Studio Solution File, Format Version 12.00
# Visual Studio Version 17
VisualStudioVersion = 17.10.35027.167
MinimumVisualStudioVersion = 10.0.40219.1
Project("{FAE04EC0-301F-11D3-BF4B-00C04F79EFBC}") = "ExamplePlugin", "ExamplePlugin\ExamplePlugin.csproj", "{D5801E81-0C4B-44D4-A4B9-DD7D8DD7251C}"
EndProject
Global
	GlobalSection(SolutionConfigurationPlatforms) = preSolution
		Debug|Any CPU = Debug|Any CPU
		Release|Any CPU = Release|Any CPU
	EndGlobalSection
	GlobalSection(ProjectConfigurationPlatforms) = postSolution
		{D5801E81-0C4B-44D4-A4B9-DD7D8DD7251C}.Debug|Any CPU.ActiveCfg = Debug|Any CPU
		{D5801E81-0C4B-44D4-A4B9-DD7D8DD7251C}.Debug|Any CPU.Build.0 = Debug|Any CPU
		{D5801E81-0C4B-44D4-A4B9-DD7D8DD7251C}.Release|Any CPU.ActiveCfg = Release|Any CPU
		{D5801E81-0C4B-44D4-A4B9-DD7D8DD7251C}.Release|Any CPU.Build.0 = Release|Any CPU
	EndGlobalSection
	GlobalSection(SolutionProperties) = preSolution
		HideSolutionNode = FALSE
	EndGlobalSection
	GlobalSection(ExtensibilityGlobals) = postSolution
		SolutionGuid = {54E9F645-B730-4312-BCB7-6277E3A1C509}
	EndGlobalSection
EndGlobal
